
Microsoft Visual Studio Solution File, Format Version 12.00
# Visual Studio Version 17
VisualStudioVersion = 17.12.35514.174 d17.12
MinimumVisualStudioVersion = 10.0.40219.1
Project("{FAE04EC0-301F-11D3-BF4B-00C04F79EFBC}") = "Data", "Data\Data.csproj", "{ADAFAA89-0BBA-45CD-A7E7-C4AF55F7CFF1}"
EndProject
Project("{FAE04EC0-301F-11D3-BF4B-00C04F79EFBC}") = "Business", "Business\Business.csproj", "{385F64C1-BF24-4885-B36C-E9D519F01B6C}"
EndProject
Global
	GlobalSection(SolutionConfigurationPlatforms) = preSolution
		Debug|Any CPU = Debug|Any CPU
		Release|Any CPU = Release|Any CPU
	EndGlobalSection
	GlobalSection(ProjectConfigurationPlatforms) = postSolution
		{ADAFAA89-0BBA-45CD-A7E7-C4AF55F7CFF1}.Debug|Any CPU.ActiveCfg = Debug|Any CPU
		{ADAFAA89-0BBA-45CD-A7E7-C4AF55F7CFF1}.Debug|Any CPU.Build.0 = Debug|Any CPU
		{ADAFAA89-0BBA-45CD-A7E7-C4AF55F7CFF1}.Release|Any CPU.ActiveCfg = Release|Any CPU
		{ADAFAA89-0BBA-45CD-A7E7-C4AF55F7CFF1}.Release|Any CPU.Build.0 = Release|Any CPU
		{385F64C1-BF24-4885-B36C-E9D519F01B6C}.Debug|Any CPU.ActiveCfg = Debug|Any CPU
		{385F64C1-BF24-4885-B36C-E9D519F01B6C}.Debug|Any CPU.Build.0 = Debug|Any CPU
		{385F64C1-BF24-4885-B36C-E9D519F01B6C}.Release|Any CPU.ActiveCfg = Release|Any CPU
		{385F64C1-BF24-4885-B36C-E9D519F01B6C}.Release|Any CPU.Build.0 = Release|Any CPU
	EndGlobalSection
	GlobalSection(SolutionProperties) = preSolution
		HideSolutionNode = FALSE
	EndGlobalSection
EndGlobal
